
Microsoft Visual Studio Solution File, Format Version 12.00
# Visual Studio Version 16
VisualStudioVersion = 16.0.31129.286
MinimumVisualStudioVersion = 10.0.40219.1
Project("{8BC9CEB8-8B4A-11D0-8D11-00A0C91BC942}") = "Pa_Empresa", "Pa_Empresa\Pa_Empresa.vcxproj", "{C0E1CDD4-E22C-41A2-8F1B-33630E843318}"
EndProject
Global
	GlobalSection(SolutionConfigurationPlatforms) = preSolution
		Debug|x64 = Debug|x64
		Debug|x86 = Debug|x86
		Release|x64 = Release|x64
		Release|x86 = Release|x86
	EndGlobalSection
	GlobalSection(ProjectConfigurationPlatforms) = postSolution
		{C0E1CDD4-E22C-41A2-8F1B-33630E843318}.Debug|x64.ActiveCfg = Debug|x64
		{C0E1CDD4-E22C-41A2-8F1B-33630E843318}.Debug|x64.Build.0 = Debug|x64
		{C0E1CDD4-E22C-41A2-8F1B-33630E843318}.Debug|x86.ActiveCfg = Debug|Win32
		{C0E1CDD4-E22C-41A2-8F1B-33630E843318}.Debug|x86.Build.0 = Debug|Win32
		{C0E1CDD4-E22C-41A2-8F1B-33630E843318}.Release|x64.ActiveCfg = Release|x64
		{C0E1CDD4-E22C-41A2-8F1B-33630E843318}.Release|x64.Build.0 = Release|x64
		{C0E1CDD4-E22C-41A2-8F1B-33630E843318}.Release|x86.ActiveCfg = Release|Win32
		{C0E1CDD4-E22C-41A2-8F1B-33630E843318}.Release|x86.Build.0 = Release|Win32
	EndGlobalSection
	GlobalSection(SolutionProperties) = preSolution
		HideSolutionNode = FALSE
	EndGlobalSection
	GlobalSection(ExtensibilityGlobals) = postSolution
		SolutionGuid = {5612EDD7-E8B7-4B37-B114-50048F2E3912}
	EndGlobalSection
EndGlobal
